// !$*UTF8*$!
{
	archiveVersion = 1;
	classes = {
	};
	objectVersion = 50;
	objects = {

/* Begin PBXBuildFile section */
		585E36622298E4270083C166 /* AppDelegate.swift in Sources */ = {isa = PBXBuildFile; fileRef = 585E36612298E4270083C166 /* AppDelegate.swift */; };
		585E36672298E4270083C166 /* Main.storyboard in Resources */ = {isa = PBXBuildFile; fileRef = 585E36652298E4270083C166 /* Main.storyboard */; };
		585E36692298E4290083C166 /* Assets.xcassets in Resources */ = {isa = PBXBuildFile; fileRef = 585E36682298E4290083C166 /* Assets.xcassets */; };
		585E366C2298E4290083C166 /* LaunchScreen.storyboard in Resources */ = {isa = PBXBuildFile; fileRef = 585E366A2298E4290083C166 /* LaunchScreen.storyboard */; };
		585E36772298E4290083C166 /* BDInteractiveMovementCollectionViewLayoutTests.swift in Sources */ = {isa = PBXBuildFile; fileRef = 585E36762298E4290083C166 /* BDInteractiveMovementCollectionViewLayoutTests.swift */; };
		585E36822298E4290083C166 /* BDInteractiveMovementCollectionViewLayoutUITests.swift in Sources */ = {isa = PBXBuildFile; fileRef = 585E36812298E4290083C166 /* BDInteractiveMovementCollectionViewLayoutUITests.swift */; };
		585E3690229A3A690083C166 /* InteractiveMovementCollectionViewLayout.swift in Sources */ = {isa = PBXBuildFile; fileRef = 585E368F229A3A680083C166 /* InteractiveMovementCollectionViewLayout.swift */; };
		58C8098A229BEF3400B73B81 /* PresentationViewController.swift in Sources */ = {isa = PBXBuildFile; fileRef = 58C80989229BEF3400B73B81 /* PresentationViewController.swift */; };
		58C8098C229BEFAD00B73B81 /* PresentationCollectionView.swift in Sources */ = {isa = PBXBuildFile; fileRef = 58C8098B229BEFAD00B73B81 /* PresentationCollectionView.swift */; };
		58C8098E229BEFBE00B73B81 /* PresentationCollectionViewCell.swift in Sources */ = {isa = PBXBuildFile; fileRef = 58C8098D229BEFBE00B73B81 /* PresentationCollectionViewCell.swift */; };
		58C80991229D05D000B73B81 /* PresentationCollectionReusableView.swift in Sources */ = {isa = PBXBuildFile; fileRef = 58C80990229D05D000B73B81 /* PresentationCollectionReusableView.swift */; };
/* End PBXBuildFile section */

/* Begin PBXContainerItemProxy section */
		585E36732298E4290083C166 /* PBXContainerItemProxy */ = {
			isa = PBXContainerItemProxy;
			containerPortal = 585E36562298E4270083C166 /* Project object */;
			proxyType = 1;
			remoteGlobalIDString = 585E365D2298E4270083C166;
			remoteInfo = BDInteractiveMovementCollectionViewLayout;
		};
		585E367E2298E4290083C166 /* PBXContainerItemProxy */ = {
			isa = PBXContainerItemProxy;
			containerPortal = 585E36562298E4270083C166 /* Project object */;
			proxyType = 1;
			remoteGlobalIDString = 585E365D2298E4270083C166;
			remoteInfo = BDInteractiveMovementCollectionViewLayout;
		};
/* End PBXContainerItemProxy section */

/* Begin PBXFileReference section */
		585E365E2298E4270083C166 /* BDInteractiveMovementCollectionViewLayout.app */ = {isa = PBXFileReference; explicitFileType = wrapper.application; includeInIndex = 0; path = BDInteractiveMovementCollectionViewLayout.app; sourceTree = BUILT_PRODUCTS_DIR; };
		585E36612298E4270083C166 /* AppDelegate.swift */ = {isa = PBXFileReference; lastKnownFileType = sourcecode.swift; path = AppDelegate.swift; sourceTree = "<group>"; };
		585E36662298E4270083C166 /* Base */ = {isa = PBXFileReference; lastKnownFileType = file.storyboard; name = Base; path = Base.lproj/Main.storyboard; sourceTree = "<group>"; };
		585E36682298E4290083C166 /* Assets.xcassets */ = {isa = PBXFileReference; lastKnownFileType = folder.assetcatalog; path = Assets.xcassets; sourceTree = "<group>"; };
		585E366B2298E4290083C166 /* Base */ = {isa = PBXFileReference; lastKnownFileType = file.storyboard; name = Base; path = Base.lproj/LaunchScreen.storyboard; sourceTree = "<group>"; };
		585E366D2298E4290083C166 /* Info.plist */ = {isa = PBXFileReference; lastKnownFileType = text.plist.xml; path = Info.plist; sourceTree = "<group>"; };
		585E36722298E4290083C166 /* BDInteractiveMovementCollectionViewLayoutTests.xctest */ = {isa = PBXFileReference; explicitFileType = wrapper.cfbundle; includeInIndex = 0; path = BDInteractiveMovementCollectionViewLayoutTests.xctest; sourceTree = BUILT_PRODUCTS_DIR; };
		585E36762298E4290083C166 /* BDInteractiveMovementCollectionViewLayoutTests.swift */ = {isa = PBXFileReference; lastKnownFileType = sourcecode.swift; path = BDInteractiveMovementCollectionViewLayoutTests.swift; sourceTree = "<group>"; };
		585E36782298E4290083C166 /* Info.plist */ = {isa = PBXFileReference; lastKnownFileType = text.plist.xml; path = Info.plist; sourceTree = "<group>"; };
		585E367D2298E4290083C166 /* BDInteractiveMovementCollectionViewLayoutUITests.xctest */ = {isa = PBXFileReference; explicitFileType = wrapper.cfbundle; includeInIndex = 0; path = BDInteractiveMovementCollectionViewLayoutUITests.xctest; sourceTree = BUILT_PRODUCTS_DIR; };
		585E36812298E4290083C166 /* BDInteractiveMovementCollectionViewLayoutUITests.swift */ = {isa = PBXFileReference; lastKnownFileType = sourcecode.swift; path = BDInteractiveMovementCollectionViewLayoutUITests.swift; sourceTree = "<group>"; };
		585E36832298E4290083C166 /* Info.plist */ = {isa = PBXFileReference; lastKnownFileType = text.plist.xml; path = Info.plist; sourceTree = "<group>"; };
		585E368F229A3A680083C166 /* InteractiveMovementCollectionViewLayout.swift */ = {isa = PBXFileReference; lastKnownFileType = sourcecode.swift; path = InteractiveMovementCollectionViewLayout.swift; sourceTree = "<group>"; };
		58C80989229BEF3400B73B81 /* PresentationViewController.swift */ = {isa = PBXFileReference; lastKnownFileType = sourcecode.swift; path = PresentationViewController.swift; sourceTree = "<group>"; };
		58C8098B229BEFAD00B73B81 /* PresentationCollectionView.swift */ = {isa = PBXFileReference; lastKnownFileType = sourcecode.swift; path = PresentationCollectionView.swift; sourceTree = "<group>"; };
		58C8098D229BEFBE00B73B81 /* PresentationCollectionViewCell.swift */ = {isa = PBXFileReference; lastKnownFileType = sourcecode.swift; path = PresentationCollectionViewCell.swift; sourceTree = "<group>"; };
		58C80990229D05D000B73B81 /* PresentationCollectionReusableView.swift */ = {isa = PBXFileReference; lastKnownFileType = sourcecode.swift; path = PresentationCollectionReusableView.swift; sourceTree = "<group>"; };
/* End PBXFileReference section */

/* Begin PBXFrameworksBuildPhase section */
		585E365B2298E4270083C166 /* Frameworks */ = {
			isa = PBXFrameworksBuildPhase;
			buildActionMask = 2147483647;
			files = (
			);
			runOnlyForDeploymentPostprocessing = 0;
		};
		585E366F2298E4290083C166 /* Frameworks */ = {
			isa = PBXFrameworksBuildPhase;
			buildActionMask = 2147483647;
			files = (
			);
			runOnlyForDeploymentPostprocessing = 0;
		};
		585E367A2298E4290083C166 /* Frameworks */ = {
			isa = PBXFrameworksBuildPhase;
			buildActionMask = 2147483647;
			files = (
			);
			runOnlyForDeploymentPostprocessing = 0;
		};
/* End PBXFrameworksBuildPhase section */

/* Begin PBXGroup section */
		585E36552298E4270083C166 = {
			isa = PBXGroup;
			children = (
				585E36602298E4270083C166 /* BDInteractiveMovementCollectionViewLayout */,
				585E36752298E4290083C166 /* BDInteractiveMovementCollectionViewLayoutTests */,
				585E36802298E4290083C166 /* BDInteractiveMovementCollectionViewLayoutUITests */,
				585E365F2298E4270083C166 /* Products */,
			);
			sourceTree = "<group>";
		};
		585E365F2298E4270083C166 /* Products */ = {
			isa = PBXGroup;
			children = (
				585E365E2298E4270083C166 /* BDInteractiveMovementCollectionViewLayout.app */,
				585E36722298E4290083C166 /* BDInteractiveMovementCollectionViewLayoutTests.xctest */,
				585E367D2298E4290083C166 /* BDInteractiveMovementCollectionViewLayoutUITests.xctest */,
			);
			name = Products;
			sourceTree = "<group>";
		};
		585E36602298E4270083C166 /* BDInteractiveMovementCollectionViewLayout */ = {
			isa = PBXGroup;
			children = (
				58C8098F229BF06400B73B81 /* InteractiveMovementCollectionViewLayout */,
				585E36612298E4270083C166 /* AppDelegate.swift */,
				585E36652298E4270083C166 /* Main.storyboard */,
				585E36682298E4290083C166 /* Assets.xcassets */,
				585E366A2298E4290083C166 /* LaunchScreen.storyboard */,
				585E366D2298E4290083C166 /* Info.plist */,
			);
			path = BDInteractiveMovementCollectionViewLayout;
			sourceTree = "<group>";
		};
		585E36752298E4290083C166 /* BDInteractiveMovementCollectionViewLayoutTests */ = {
			isa = PBXGroup;
			children = (
				585E36762298E4290083C166 /* BDInteractiveMovementCollectionViewLayoutTests.swift */,
				585E36782298E4290083C166 /* Info.plist */,
			);
			path = BDInteractiveMovementCollectionViewLayoutTests;
			sourceTree = "<group>";
		};
		585E36802298E4290083C166 /* BDInteractiveMovementCollectionViewLayoutUITests */ = {
			isa = PBXGroup;
			children = (
				585E36812298E4290083C166 /* BDInteractiveMovementCollectionViewLayoutUITests.swift */,
				585E36832298E4290083C166 /* Info.plist */,
			);
			path = BDInteractiveMovementCollectionViewLayoutUITests;
			sourceTree = "<group>";
		};
		58C8098F229BF06400B73B81 /* InteractiveMovementCollectionViewLayout */ = {
			isa = PBXGroup;
			children = (
				58C80989229BEF3400B73B81 /* PresentationViewController.swift */,
				58C8098B229BEFAD00B73B81 /* PresentationCollectionView.swift */,
				58C8098D229BEFBE00B73B81 /* PresentationCollectionViewCell.swift */,
				585E368F229A3A680083C166 /* InteractiveMovementCollectionViewLayout.swift */,
				58C80990229D05D000B73B81 /* PresentationCollectionReusableView.swift */,
			);
			path = InteractiveMovementCollectionViewLayout;
			sourceTree = "<group>";
		};
/* End PBXGroup section */

/* Begin PBXNativeTarget section */
		585E365D2298E4270083C166 /* BDInteractiveMovementCollectionViewLayout */ = {
			isa = PBXNativeTarget;
			buildConfigurationList = 585E36862298E4290083C166 /* Build configuration list for PBXNativeTarget "BDInteractiveMovementCollectionViewLayout" */;
			buildPhases = (
				585E365A2298E4270083C166 /* Sources */,
				585E365B2298E4270083C166 /* Frameworks */,
				585E365C2298E4270083C166 /* Resources */,
				58C80996229E77A300B73B81 /* ShellScript */,
			);
			buildRules = (
			);
			dependencies = (
			);
			name = BDInteractiveMovementCollectionViewLayout;
			productName = BDInteractiveMovementCollectionViewLayout;
			productReference = 585E365E2298E4270083C166 /* BDInteractiveMovementCollectionViewLayout.app */;
			productType = "com.apple.product-type.application";
		};
		585E36712298E4290083C166 /* BDInteractiveMovementCollectionViewLayoutTests */ = {
			isa = PBXNativeTarget;
			buildConfigurationList = 585E36892298E4290083C166 /* Build configuration list for PBXNativeTarget "BDInteractiveMovementCollectionViewLayoutTests" */;
			buildPhases = (
				585E366E2298E4290083C166 /* Sources */,
				585E366F2298E4290083C166 /* Frameworks */,
				585E36702298E4290083C166 /* Resources */,
			);
			buildRules = (
			);
			dependencies = (
				585E36742298E4290083C166 /* PBXTargetDependency */,
			);
			name = BDInteractiveMovementCollectionViewLayoutTests;
			productName = BDInteractiveMovementCollectionViewLayoutTests;
			productReference = 585E36722298E4290083C166 /* BDInteractiveMovementCollectionViewLayoutTests.xctest */;
			productType = "com.apple.product-type.bundle.unit-test";
		};
		585E367C2298E4290083C166 /* BDInteractiveMovementCollectionViewLayoutUITests */ = {
			isa = PBXNativeTarget;
			buildConfigurationList = 585E368C2298E4290083C166 /* Build configuration list for PBXNativeTarget "BDInteractiveMovementCollectionViewLayoutUITests" */;
			buildPhases = (
				585E36792298E4290083C166 /* Sources */,
				585E367A2298E4290083C166 /* Frameworks */,
				585E367B2298E4290083C166 /* Resources */,
			);
			buildRules = (
			);
			dependencies = (
				585E367F2298E4290083C166 /* PBXTargetDependency */,
			);
			name = BDInteractiveMovementCollectionViewLayoutUITests;
			productName = BDInteractiveMovementCollectionViewLayoutUITests;
			productReference = 585E367D2298E4290083C166 /* BDInteractiveMovementCollectionViewLayoutUITests.xctest */;
			productType = "com.apple.product-type.bundle.ui-testing";
		};
/* End PBXNativeTarget section */

/* Begin PBXProject section */
		585E36562298E4270083C166 /* Project object */ = {
			isa = PBXProject;
			attributes = {
				LastSwiftUpdateCheck = 1020;
				LastUpgradeCheck = 1020;
				ORGANIZATIONNAME = "施正宇";
				TargetAttributes = {
					585E365D2298E4270083C166 = {
						CreatedOnToolsVersion = 10.2.1;
					};
					585E36712298E4290083C166 = {
						CreatedOnToolsVersion = 10.2.1;
						TestTargetID = 585E365D2298E4270083C166;
					};
					585E367C2298E4290083C166 = {
						CreatedOnToolsVersion = 10.2.1;
						TestTargetID = 585E365D2298E4270083C166;
					};
				};
			};
			buildConfigurationList = 585E36592298E4270083C166 /* Build configuration list for PBXProject "BDInteractiveMovementCollectionViewLayout" */;
			compatibilityVersion = "Xcode 9.3";
			developmentRegion = en;
			hasScannedForEncodings = 0;
			knownRegions = (
				en,
				Base,
			);
			mainGroup = 585E36552298E4270083C166;
			productRefGroup = 585E365F2298E4270083C166 /* Products */;
			projectDirPath = "";
			projectRoot = "";
			targets = (
				585E365D2298E4270083C166 /* BDInteractiveMovementCollectionViewLayout */,
				585E36712298E4290083C166 /* BDInteractiveMovementCollectionViewLayoutTests */,
				585E367C2298E4290083C166 /* BDInteractiveMovementCollectionViewLayoutUITests */,
			);
		};
/* End PBXProject section */

/* Begin PBXResourcesBuildPhase section */
		585E365C2298E4270083C166 /* Resources */ = {
			isa = PBXResourcesBuildPhase;
			buildActionMask = 2147483647;
			files = (
				585E366C2298E4290083C166 /* LaunchScreen.storyboard in Resources */,
				585E36692298E4290083C166 /* Assets.xcassets in Resources */,
				585E36672298E4270083C166 /* Main.storyboard in Resources */,
			);
			runOnlyForDeploymentPostprocessing = 0;
		};
		585E36702298E4290083C166 /* Resources */ = {
			isa = PBXResourcesBuildPhase;
			buildActionMask = 2147483647;
			files = (
			);
			runOnlyForDeploymentPostprocessing = 0;
		};
		585E367B2298E4290083C166 /* Resources */ = {
			isa = PBXResourcesBuildPhase;
			buildActionMask = 2147483647;
			files = (
			);
			runOnlyForDeploymentPostprocessing = 0;
		};
/* End PBXResourcesBuildPhase section */

/* Begin PBXShellScriptBuildPhase section */
		58C80996229E77A300B73B81 /* ShellScript */ = {
			isa = PBXShellScriptBuildPhase;
			buildActionMask = 8;
			files = (
			);
			inputFileListPaths = (
			);
			inputPaths = (
			);
			outputFileListPaths = (
			);
			outputPaths = (
			);
			runOnlyForDeploymentPostprocessing = 1;
			shellPath = /bin/sh;
			shellScript = "if which swiftlint >/dev/null; then\necho \"swiftlint!\"\nswiftlint\nelse\necho \"warning: SwiftLint not installed, download from https://github.com/realm/SwiftLint\"\nfi\n";
		};
/* End PBXShellScriptBuildPhase section */

/* Begin PBXSourcesBuildPhase section */
		585E365A2298E4270083C166 /* Sources */ = {
			isa = PBXSourcesBuildPhase;
			buildActionMask = 2147483647;
			files = (
				58C8098E229BEFBE00B73B81 /* PresentationCollectionViewCell.swift in Sources */,
				58C80991229D05D000B73B81 /* PresentationCollectionReusableView.swift in Sources */,
				58C8098A229BEF3400B73B81 /* PresentationViewController.swift in Sources */,
				58C8098C229BEFAD00B73B81 /* PresentationCollectionView.swift in Sources */,
				585E36622298E4270083C166 /* AppDelegate.swift in Sources */,
				585E3690229A3A690083C166 /* InteractiveMovementCollectionViewLayout.swift in Sources */,
			);
			runOnlyForDeploymentPostprocessing = 0;
		};
		585E366E2298E4290083C166 /* Sources */ = {
			isa = PBXSourcesBuildPhase;
			buildActionMask = 2147483647;
			files = (
				585E36772298E4290083C166 /* BDInteractiveMovementCollectionViewLayoutTests.swift in Sources */,
			);
			runOnlyForDeploymentPostprocessing = 0;
		};
		585E36792298E4290083C166 /* Sources */ = {
			isa = PBXSourcesBuildPhase;
			buildActionMask = 2147483647;
			files = (
				585E36822298E4290083C166 /* BDInteractiveMovementCollectionViewLayoutUITests.swift in Sources */,
			);
			runOnlyForDeploymentPostprocessing = 0;
		};
/* End PBXSourcesBuildPhase section */

/* Begin PBXTargetDependency section */
		585E36742298E4290083C166 /* PBXTargetDependency */ = {
			isa = PBXTargetDependency;
			target = 585E365D2298E4270083C166 /* BDInteractiveMovementCollectionViewLayout */;
			targetProxy = 585E36732298E4290083C166 /* PBXContainerItemProxy */;
		};
		585E367F2298E4290083C166 /* PBXTargetDependency */ = {
			isa = PBXTargetDependency;
			target = 585E365D2298E4270083C166 /* BDInteractiveMovementCollectionViewLayout */;
			targetProxy = 585E367E2298E4290083C166 /* PBXContainerItemProxy */;
		};
/* End PBXTargetDependency section */

/* Begin PBXVariantGroup section */
		585E36652298E4270083C166 /* Main.storyboard */ = {
			isa = PBXVariantGroup;
			children = (
				585E36662298E4270083C166 /* Base */,
			);
			name = Main.storyboard;
			sourceTree = "<group>";
		};
		585E366A2298E4290083C166 /* LaunchScreen.storyboard */ = {
			isa = PBXVariantGroup;
			children = (
				585E366B2298E4290083C166 /* Base */,
			);
			name = LaunchScreen.storyboard;
			sourceTree = "<group>";
		};
/* End PBXVariantGroup section */

/* Begin XCBuildConfiguration section */
		585E36842298E4290083C166 /* Debug */ = {
			isa = XCBuildConfiguration;
			buildSettings = {
				ALWAYS_SEARCH_USER_PATHS = NO;
				CLANG_ANALYZER_NONNULL = YES;
				CLANG_ANALYZER_NUMBER_OBJECT_CONVERSION = YES_AGGRESSIVE;
				CLANG_CXX_LANGUAGE_STANDARD = "gnu++14";
				CLANG_CXX_LIBRARY = "libc++";
				CLANG_ENABLE_MODULES = YES;
				CLANG_ENABLE_OBJC_ARC = YES;
				CLANG_ENABLE_OBJC_WEAK = YES;
				CLANG_WARN_BLOCK_CAPTURE_AUTORELEASING = YES;
				CLANG_WARN_BOOL_CONVERSION = YES;
				CLANG_WARN_COMMA = YES;
				CLANG_WARN_CONSTANT_CONVERSION = YES;
				CLANG_WARN_DEPRECATED_OBJC_IMPLEMENTATIONS = YES;
				CLANG_WARN_DIRECT_OBJC_ISA_USAGE = YES_ERROR;
				CLANG_WARN_DOCUMENTATION_COMMENTS = YES;
				CLANG_WARN_EMPTY_BODY = YES;
				CLANG_WARN_ENUM_CONVERSION = YES;
				CLANG_WARN_INFINITE_RECURSION = YES;
				CLANG_WARN_INT_CONVERSION = YES;
				CLANG_WARN_NON_LITERAL_NULL_CONVERSION = YES;
				CLANG_WARN_OBJC_IMPLICIT_RETAIN_SELF = YES;
				CLANG_WARN_OBJC_LITERAL_CONVERSION = YES;
				CLANG_WARN_OBJC_ROOT_CLASS = YES_ERROR;
				CLANG_WARN_RANGE_LOOP_ANALYSIS = YES;
				CLANG_WARN_STRICT_PROTOTYPES = YES;
				CLANG_WARN_SUSPICIOUS_MOVE = YES;
				CLANG_WARN_UNGUARDED_AVAILABILITY = YES_AGGRESSIVE;
				CLANG_WARN_UNREACHABLE_CODE = YES;
				CLANG_WARN__DUPLICATE_METHOD_MATCH = YES;
				CODE_SIGN_IDENTITY = "iPhone Developer";
				COPY_PHASE_STRIP = NO;
				DEBUG_INFORMATION_FORMAT = dwarf;
				ENABLE_STRICT_OBJC_MSGSEND = YES;
				ENABLE_TESTABILITY = YES;
				GCC_C_LANGUAGE_STANDARD = gnu11;
				GCC_DYNAMIC_NO_PIC = NO;
				GCC_NO_COMMON_BLOCKS = YES;
				GCC_OPTIMIZATION_LEVEL = 0;
				GCC_PREPROCESSOR_DEFINITIONS = (
					"DEBUG=1",
					"$(inherited)",
				);
				GCC_WARN_64_TO_32_BIT_CONVERSION = YES;
				GCC_WARN_ABOUT_RETURN_TYPE = YES_ERROR;
				GCC_WARN_UNDECLARED_SELECTOR = YES;
				GCC_WARN_UNINITIALIZED_AUTOS = YES_AGGRESSIVE;
				GCC_WARN_UNUSED_FUNCTION = YES;
				GCC_WARN_UNUSED_VARIABLE = YES;
				IPHONEOS_DEPLOYMENT_TARGET = 12.2;
				MTL_ENABLE_DEBUG_INFO = INCLUDE_SOURCE;
				MTL_FAST_MATH = YES;
				ONLY_ACTIVE_ARCH = YES;
				SDKROOT = iphoneos;
				SWIFT_ACTIVE_COMPILATION_CONDITIONS = DEBUG;
				SWIFT_OPTIMIZATION_LEVEL = "-Onone";
			};
			name = Debug;
		};
		585E36852298E4290083C166 /* Release */ = {
			isa = XCBuildConfiguration;
			buildSettings = {
				ALWAYS_SEARCH_USER_PATHS = NO;
				CLANG_ANALYZER_NONNULL = YES;
				CLANG_ANALYZER_NUMBER_OBJECT_CONVERSION = YES_AGGRESSIVE;
				CLANG_CXX_LANGUAGE_STANDARD = "gnu++14";
				CLANG_CXX_LIBRARY = "libc++";
				CLANG_ENABLE_MODULES = YES;
				CLANG_ENABLE_OBJC_ARC = YES;
				CLANG_ENABLE_OBJC_WEAK = YES;
				CLANG_WARN_BLOCK_CAPTURE_AUTORELEASING = YES;
				CLANG_WARN_BOOL_CONVERSION = YES;
				CLANG_WARN_COMMA = YES;
				CLANG_WARN_CONSTANT_CONVERSION = YES;
				CLANG_WARN_DEPRECATED_OBJC_IMPLEMENTATIONS = YES;
				CLANG_WARN_DIRECT_OBJC_ISA_USAGE = YES_ERROR;
				CLANG_WARN_DOCUMENTATION_COMMENTS = YES;
				CLANG_WARN_EMPTY_BODY = YES;
				CLANG_WARN_ENUM_CONVERSION = YES;
				CLANG_WARN_INFINITE_RECURSION = YES;
				CLANG_WARN_INT_CONVERSION = YES;
				CLANG_WARN_NON_LITERAL_NULL_CONVERSION = YES;
				CLANG_WARN_OBJC_IMPLICIT_RETAIN_SELF = YES;
				CLANG_WARN_OBJC_LITERAL_CONVERSION = YES;
				CLANG_WARN_OBJC_ROOT_CLASS = YES_ERROR;
				CLANG_WARN_RANGE_LOOP_ANALYSIS = YES;
				CLANG_WARN_STRICT_PROTOTYPES = YES;
				CLANG_WARN_SUSPICIOUS_MOVE = YES;
				CLANG_WARN_UNGUARDED_AVAILABILITY = YES_AGGRESSIVE;
				CLANG_WARN_UNREACHABLE_CODE = YES;
				CLANG_WARN__DUPLICATE_METHOD_MATCH = YES;
				CODE_SIGN_IDENTITY = "iPhone Developer";
				COPY_PHASE_STRIP = NO;
				DEBUG_INFORMATION_FORMAT = "dwarf-with-dsym";
				ENABLE_NS_ASSERTIONS = NO;
				ENABLE_STRICT_OBJC_MSGSEND = YES;
				GCC_C_LANGUAGE_STANDARD = gnu11;
				GCC_NO_COMMON_BLOCKS = YES;
				GCC_WARN_64_TO_32_BIT_CONVERSION = YES;
				GCC_WARN_ABOUT_RETURN_TYPE = YES_ERROR;
				GCC_WARN_UNDECLARED_SELECTOR = YES;
				GCC_WARN_UNINITIALIZED_AUTOS = YES_AGGRESSIVE;
				GCC_WARN_UNUSED_FUNCTION = YES;
				GCC_WARN_UNUSED_VARIABLE = YES;
				IPHONEOS_DEPLOYMENT_TARGET = 12.2;
				MTL_ENABLE_DEBUG_INFO = NO;
				MTL_FAST_MATH = YES;
				SDKROOT = iphoneos;
				SWIFT_COMPILATION_MODE = wholemodule;
				SWIFT_OPTIMIZATION_LEVEL = "-O";
				VALIDATE_PRODUCT = YES;
			};
			name = Release;
		};
		585E36872298E4290083C166 /* Debug */ = {
			isa = XCBuildConfiguration;
			buildSettings = {
				ASSETCATALOG_COMPILER_APPICON_NAME = AppIcon;
				CODE_SIGN_STYLE = Automatic;
				INFOPLIST_FILE = BDInteractiveMovementCollectionViewLayout/Info.plist;
				LD_RUNPATH_SEARCH_PATHS = (
					"$(inherited)",
					"@executable_path/Frameworks",
				);
				PRODUCT_BUNDLE_IDENTIFIER = silentcat.BDInteractiveMovementCollectionViewLayout;
				PRODUCT_NAME = "$(TARGET_NAME)";
				SWIFT_VERSION = 5.0;
				TARGETED_DEVICE_FAMILY = "1,2";
			};
			name = Debug;
		};
		585E36882298E4290083C166 /* Release */ = {
			isa = XCBuildConfiguration;
			buildSettings = {
				ASSETCATALOG_COMPILER_APPICON_NAME = AppIcon;
				CODE_SIGN_STYLE = Automatic;
				INFOPLIST_FILE = BDInteractiveMovementCollectionViewLayout/Info.plist;
				LD_RUNPATH_SEARCH_PATHS = (
					"$(inherited)",
					"@executable_path/Frameworks",
				);
				PRODUCT_BUNDLE_IDENTIFIER = silentcat.BDInteractiveMovementCollectionViewLayout;
				PRODUCT_NAME = "$(TARGET_NAME)";
				SWIFT_VERSION = 5.0;
				TARGETED_DEVICE_FAMILY = "1,2";
			};
			name = Release;
		};
		585E368A2298E4290083C166 /* Debug */ = {
			isa = XCBuildConfiguration;
			buildSettings = {
				ALWAYS_EMBED_SWIFT_STANDARD_LIBRARIES = YES;
				BUNDLE_LOADER = "$(TEST_HOST)";
				CODE_SIGN_STYLE = Automatic;
				INFOPLIST_FILE = BDInteractiveMovementCollectionViewLayoutTests/Info.plist;
				LD_RUNPATH_SEARCH_PATHS = (
					"$(inherited)",
					"@executable_path/Frameworks",
					"@loader_path/Frameworks",
				);
				PRODUCT_BUNDLE_IDENTIFIER = silentcat.BDInteractiveMovementCollectionViewLayoutTests;
				PRODUCT_NAME = "$(TARGET_NAME)";
				SWIFT_VERSION = 5.0;
				TARGETED_DEVICE_FAMILY = "1,2";
				TEST_HOST = "$(BUILT_PRODUCTS_DIR)/BDInteractiveMovementCollectionViewLayout.app/BDInteractiveMovementCollectionViewLayout";
			};
			name = Debug;
		};
		585E368B2298E4290083C166 /* Release */ = {
			isa = XCBuildConfiguration;
			buildSettings = {
				ALWAYS_EMBED_SWIFT_STANDARD_LIBRARIES = YES;
				BUNDLE_LOADER = "$(TEST_HOST)";
				CODE_SIGN_STYLE = Automatic;
				INFOPLIST_FILE = BDInteractiveMovementCollectionViewLayoutTests/Info.plist;
				LD_RUNPATH_SEARCH_PATHS = (
					"$(inherited)",
					"@executable_path/Frameworks",
					"@loader_path/Frameworks",
				);
				PRODUCT_BUNDLE_IDENTIFIER = silentcat.BDInteractiveMovementCollectionViewLayoutTests;
				PRODUCT_NAME = "$(TARGET_NAME)";
				SWIFT_VERSION = 5.0;
				TARGETED_DEVICE_FAMILY = "1,2";
				TEST_HOST = "$(BUILT_PRODUCTS_DIR)/BDInteractiveMovementCollectionViewLayout.app/BDInteractiveMovementCollectionViewLayout";
			};
			name = Release;
		};
		585E368D2298E4290083C166 /* Debug */ = {
			isa = XCBuildConfiguration;
			buildSettings = {
				ALWAYS_EMBED_SWIFT_STANDARD_LIBRARIES = YES;
				CODE_SIGN_STYLE = Automatic;
				INFOPLIST_FILE = BDInteractiveMovementCollectionViewLayoutUITests/Info.plist;
				LD_RUNPATH_SEARCH_PATHS = (
					"$(inherited)",
					"@executable_path/Frameworks",
					"@loader_path/Frameworks",
				);
				PRODUCT_BUNDLE_IDENTIFIER = silentcat.BDInteractiveMovementCollectionViewLayoutUITests;
				PRODUCT_NAME = "$(TARGET_NAME)";
				SWIFT_VERSION = 5.0;
				TARGETED_DEVICE_FAMILY = "1,2";
				TEST_TARGET_NAME = BDInteractiveMovementCollectionViewLayout;
			};
			name = Debug;
		};
		585E368E2298E4290083C166 /* Release */ = {
			isa = XCBuildConfiguration;
			buildSettings = {
				ALWAYS_EMBED_SWIFT_STANDARD_LIBRARIES = YES;
				CODE_SIGN_STYLE = Automatic;
				INFOPLIST_FILE = BDInteractiveMovementCollectionViewLayoutUITests/Info.plist;
				LD_RUNPATH_SEARCH_PATHS = (
					"$(inherited)",
					"@executable_path/Frameworks",
					"@loader_path/Frameworks",
				);
				PRODUCT_BUNDLE_IDENTIFIER = silentcat.BDInteractiveMovementCollectionViewLayoutUITests;
				PRODUCT_NAME = "$(TARGET_NAME)";
				SWIFT_VERSION = 5.0;
				TARGETED_DEVICE_FAMILY = "1,2";
				TEST_TARGET_NAME = BDInteractiveMovementCollectionViewLayout;
			};
			name = Release;
		};
/* End XCBuildConfiguration section */

/* Begin XCConfigurationList section */
		585E36592298E4270083C166 /* Build configuration list for PBXProject "BDInteractiveMovementCollectionViewLayout" */ = {
			isa = XCConfigurationList;
			buildConfigurations = (
				585E36842298E4290083C166 /* Debug */,
				585E36852298E4290083C166 /* Release */,
			);
			defaultConfigurationIsVisible = 0;
			defaultConfigurationName = Release;
		};
		585E36862298E4290083C166 /* Build configuration list for PBXNativeTarget "BDInteractiveMovementCollectionViewLayout" */ = {
			isa = XCConfigurationList;
			buildConfigurations = (
				585E36872298E4290083C166 /* Debug */,
				585E36882298E4290083C166 /* Release */,
			);
			defaultConfigurationIsVisible = 0;
			defaultConfigurationName = Release;
		};
		585E36892298E4290083C166 /* Build configuration list for PBXNativeTarget "BDInteractiveMovementCollectionViewLayoutTests" */ = {
			isa = XCConfigurationList;
			buildConfigurations = (
				585E368A2298E4290083C166 /* Debug */,
				585E368B2298E4290083C166 /* Release */,
			);
			defaultConfigurationIsVisible = 0;
			defaultConfigurationName = Release;
		};
		585E368C2298E4290083C166 /* Build configuration list for PBXNativeTarget "BDInteractiveMovementCollectionViewLayoutUITests" */ = {
			isa = XCConfigurationList;
			buildConfigurations = (
				585E368D2298E4290083C166 /* Debug */,
				585E368E2298E4290083C166 /* Release */,
			);
			defaultConfigurationIsVisible = 0;
			defaultConfigurationName = Release;
		};
/* End XCConfigurationList section */
	};
	rootObject = 585E36562298E4270083C166 /* Project object */;
}
